
Microsoft Visual Studio Solution File, Format Version 12.00
# Visual Studio Version 17
VisualStudioVersion = 17.6.33829.357
MinimumVisualStudioVersion = 10.0.40219.1
Project("{FAE04EC0-301F-11D3-BF4B-00C04F79EFBC}") = "FoodDailyValueCalculator", "FoodDailyValueCalculator.csproj", "{56043975-3129-4983-B184-7B1B37AD2CDE}"
EndProject
Project("{FAE04EC0-301F-11D3-BF4B-00C04F79EFBC}") = "FoodDailyValueCalculator.Tests", "..\FoodDailyValueCalculator.Tests\FoodDailyValueCalculator.Tests.csproj", "{6ED21350-4395-4FE6-A718-C4C9F53815CD}"
EndProject
Global
	GlobalSection(SolutionConfigurationPlatforms) = preSolution
		Debug|Any CPU = Debug|Any CPU
		Release|Any CPU = Release|Any CPU
	EndGlobalSection
	GlobalSection(ProjectConfigurationPlatforms) = postSolution
		{56043975-3129-4983-B184-7B1B37AD2CDE}.Debug|Any CPU.ActiveCfg = Debug|Any CPU
		{56043975-3129-4983-B184-7B1B37AD2CDE}.Debug|Any CPU.Build.0 = Debug|Any CPU
		{56043975-3129-4983-B184-7B1B37AD2CDE}.Release|Any CPU.ActiveCfg = Release|Any CPU
		{56043975-3129-4983-B184-7B1B37AD2CDE}.Release|Any CPU.Build.0 = Release|Any CPU
		{6ED21350-4395-4FE6-A718-C4C9F53815CD}.Debug|Any CPU.ActiveCfg = Debug|Any CPU
		{6ED21350-4395-4FE6-A718-C4C9F53815CD}.Debug|Any CPU.Build.0 = Debug|Any CPU
		{6ED21350-4395-4FE6-A718-C4C9F53815CD}.Release|Any CPU.ActiveCfg = Release|Any CPU
		{6ED21350-4395-4FE6-A718-C4C9F53815CD}.Release|Any CPU.Build.0 = Release|Any CPU
	EndGlobalSection
	GlobalSection(SolutionProperties) = preSolution
		HideSolutionNode = FALSE
	EndGlobalSection
	GlobalSection(ExtensibilityGlobals) = postSolution
		SolutionGuid = {EFACD248-6DFA-4588-8ED8-35E978079275}
	EndGlobalSection
EndGlobal
